
Microsoft Visual Studio Solution File, Format Version 12.00
# Visual Studio Version 16
VisualStudioVersion = 16.0.30011.19
MinimumVisualStudioVersion = 10.0.40219.1
Project("{FAE04EC0-301F-11D3-BF4B-00C04F79EFBC}") = "GraphClient_GetPhoto_WPF", "GraphClient_GetPhoto_WPF\GraphClient_GetPhoto_WPF.csproj", "{F6B99B22-E291-40A0-9CE5-1DFE21E06FDB}"
EndProject
Global
	GlobalSection(SolutionConfigurationPlatforms) = preSolution
		Debug|Any CPU = Debug|Any CPU
		Release|Any CPU = Release|Any CPU
	EndGlobalSection
	GlobalSection(ProjectConfigurationPlatforms) = postSolution
		{F6B99B22-E291-40A0-9CE5-1DFE21E06FDB}.Debug|Any CPU.ActiveCfg = Debug|Any CPU
		{F6B99B22-E291-40A0-9CE5-1DFE21E06FDB}.Debug|Any CPU.Build.0 = Debug|Any CPU
		{F6B99B22-E291-40A0-9CE5-1DFE21E06FDB}.Release|Any CPU.ActiveCfg = Release|Any CPU
		{F6B99B22-E291-40A0-9CE5-1DFE21E06FDB}.Release|Any CPU.Build.0 = Release|Any CPU
	EndGlobalSection
	GlobalSection(SolutionProperties) = preSolution
		HideSolutionNode = FALSE
	EndGlobalSection
	GlobalSection(ExtensibilityGlobals) = postSolution
		SolutionGuid = {C169BA2A-E815-4529-8C2B-46F4A5FEF55A}
	EndGlobalSection
EndGlobal
